# This file is automatically @generated by Cargo.
# It is not intended for manual editing.
version = 4

[[package]]
name = "blake2s"
version = "0.1.0"

[[package]]
name = "mpc"
version = "0.1.0"
dependencies = [
 "blake2s",
]

[[package]]
name = "sphincs"
version = "0.1.0"
dependencies = [
 "blake2s",
]
